
Microsoft Visual Studio Solution File, Format Version 12.00
# Visual Studio Version 16
VisualStudioVersion = 16.0.29709.97
MinimumVisualStudioVersion = 10.0.40219.1
Project("{9A19103F-16F7-4668-BE54-9A1E7A4F7556}") = "AlexaEchoBot", "AlexaEchoBot.csproj", "{8492418C-BF1D-4553-A0EC-59C91E1CE2A8}"
EndProject
Global
	GlobalSection(SolutionConfigurationPlatforms) = preSolution
		Debug|Any CPU = Debug|Any CPU
		Release|Any CPU = Release|Any CPU
	EndGlobalSection
	GlobalSection(ProjectConfigurationPlatforms) = postSolution
		{8492418C-BF1D-4553-A0EC-59C91E1CE2A8}.Debug|Any CPU.ActiveCfg = Debug|Any CPU
		{8492418C-BF1D-4553-A0EC-59C91E1CE2A8}.Debug|Any CPU.Build.0 = Debug|Any CPU
		{8492418C-BF1D-4553-A0EC-59C91E1CE2A8}.Release|Any CPU.ActiveCfg = Release|Any CPU
		{8492418C-BF1D-4553-A0EC-59C91E1CE2A8}.Release|Any CPU.Build.0 = Release|Any CPU
	EndGlobalSection
	GlobalSection(SolutionProperties) = preSolution
		HideSolutionNode = FALSE
	EndGlobalSection
	GlobalSection(ExtensibilityGlobals) = postSolution
		SolutionGuid = {4D07969F-4889-4DA0-BCC8-57748D70A5C2}
	EndGlobalSection
EndGlobal
